
Microsoft Visual Studio Solution File, Format Version 12.00
# Visual Studio 15
VisualStudioVersion = 15.0.28307.1259
MinimumVisualStudioVersion = 10.0.40219.1
Project("{8BC9CEB8-8B4A-11D0-8D11-00A0C91BC942}") = "HW", "HW\HW.vcxproj", "{CF8336B1-3132-4758-803C-7E115D135D8F}"
EndProject
Global
	GlobalSection(SolutionConfigurationPlatforms) = preSolution
		Debug|x64 = Debug|x64
		Debug|x86 = Debug|x86
		Release|x64 = Release|x64
		Release|x86 = Release|x86
	EndGlobalSection
	GlobalSection(ProjectConfigurationPlatforms) = postSolution
		{CF8336B1-3132-4758-803C-7E115D135D8F}.Debug|x64.ActiveCfg = Debug|x64
		{CF8336B1-3132-4758-803C-7E115D135D8F}.Debug|x64.Build.0 = Debug|x64
		{CF8336B1-3132-4758-803C-7E115D135D8F}.Debug|x86.ActiveCfg = Debug|Win32
		{CF8336B1-3132-4758-803C-7E115D135D8F}.Debug|x86.Build.0 = Debug|Win32
		{CF8336B1-3132-4758-803C-7E115D135D8F}.Release|x64.ActiveCfg = Release|x64
		{CF8336B1-3132-4758-803C-7E115D135D8F}.Release|x64.Build.0 = Release|x64
		{CF8336B1-3132-4758-803C-7E115D135D8F}.Release|x86.ActiveCfg = Release|Win32
		{CF8336B1-3132-4758-803C-7E115D135D8F}.Release|x86.Build.0 = Release|Win32
	EndGlobalSection
	GlobalSection(SolutionProperties) = preSolution
		HideSolutionNode = FALSE
	EndGlobalSection
	GlobalSection(ExtensibilityGlobals) = postSolution
		SolutionGuid = {68A08EE9-0758-4E7E-9E09-BE85F16250A7}
	EndGlobalSection
EndGlobal
